
Microsoft Visual Studio Solution File, Format Version 12.00
# Visual Studio Version 17
VisualStudioVersion = 17.12.35209.166
MinimumVisualStudioVersion = 10.0.40219.1
Project("{FAE04EC0-301F-11D3-BF4B-00C04F79EFBC}") = "C42-G04-EF02", "C42-G04-EF02.csproj", "{DDDD3766-1895-46CF-BFA1-594A3FAF1C16}"
EndProject
Global
	GlobalSection(SolutionConfigurationPlatforms) = preSolution
		Debug|Any CPU = Debug|Any CPU
		Release|Any CPU = Release|Any CPU
	EndGlobalSection
	GlobalSection(ProjectConfigurationPlatforms) = postSolution
		{DDDD3766-1895-46CF-BFA1-594A3FAF1C16}.Debug|Any CPU.ActiveCfg = Debug|Any CPU
		{DDDD3766-1895-46CF-BFA1-594A3FAF1C16}.Debug|Any CPU.Build.0 = Debug|Any CPU
		{DDDD3766-1895-46CF-BFA1-594A3FAF1C16}.Release|Any CPU.ActiveCfg = Release|Any CPU
		{DDDD3766-1895-46CF-BFA1-594A3FAF1C16}.Release|Any CPU.Build.0 = Release|Any CPU
	EndGlobalSection
	GlobalSection(SolutionProperties) = preSolution
		HideSolutionNode = FALSE
	EndGlobalSection
	GlobalSection(ExtensibilityGlobals) = postSolution
		SolutionGuid = {D63945AD-3C6D-4FAB-B630-153D5045940E}
	EndGlobalSection
EndGlobal
